
Microsoft Visual Studio Solution File, Format Version 12.00
# Visual Studio Version 17
VisualStudioVersion = 17.5.001.0
MinimumVisualStudioVersion = 10.0.40219.1
Project("{9A19103F-16F7-4668-BE54-9A1E7A4F7556}") = "RabbitMassTransit", "RabbitMassTransit.csproj", "{A6798413-5B91-49BD-ADA9-4751840CEA4E}"
EndProject
Global
	GlobalSection(SolutionConfigurationPlatforms) = preSolution
		Debug|Any CPU = Debug|Any CPU
		Release|Any CPU = Release|Any CPU
	EndGlobalSection
	GlobalSection(ProjectConfigurationPlatforms) = postSolution
		{A6798413-5B91-49BD-ADA9-4751840CEA4E}.Debug|Any CPU.ActiveCfg = Debug|Any CPU
		{A6798413-5B91-49BD-ADA9-4751840CEA4E}.Debug|Any CPU.Build.0 = Debug|Any CPU
		{A6798413-5B91-49BD-ADA9-4751840CEA4E}.Release|Any CPU.ActiveCfg = Release|Any CPU
		{A6798413-5B91-49BD-ADA9-4751840CEA4E}.Release|Any CPU.Build.0 = Release|Any CPU
	EndGlobalSection
	GlobalSection(SolutionProperties) = preSolution
		HideSolutionNode = FALSE
	EndGlobalSection
	GlobalSection(ExtensibilityGlobals) = postSolution
		SolutionGuid = {99CF5067-15B7-4904-96AD-DC2D2A5AAF81}
	EndGlobalSection
EndGlobal
